
Microsoft Visual Studio Solution File, Format Version 12.00
# Visual Studio Version 17
VisualStudioVersion = 17.14.36121.58 d17.14
MinimumVisualStudioVersion = 10.0.40219.1
Project("{FAE04EC0-301F-11D3-BF4B-00C04F79EFBC}") = "QuizAppV1", "QuizAppV1\QuizAppV1.csproj", "{997863F8-85CF-4BDF-9EA5-541801B6F625}"
EndProject
Global
	GlobalSection(SolutionConfigurationPlatforms) = preSolution
		Debug|Any CPU = Debug|Any CPU
		Release|Any CPU = Release|Any CPU
	EndGlobalSection
	GlobalSection(ProjectConfigurationPlatforms) = postSolution
		{997863F8-85CF-4BDF-9EA5-541801B6F625}.Debug|Any CPU.ActiveCfg = Debug|Any CPU
		{997863F8-85CF-4BDF-9EA5-541801B6F625}.Debug|Any CPU.Build.0 = Debug|Any CPU
		{997863F8-85CF-4BDF-9EA5-541801B6F625}.Release|Any CPU.ActiveCfg = Release|Any CPU
		{997863F8-85CF-4BDF-9EA5-541801B6F625}.Release|Any CPU.Build.0 = Release|Any CPU
	EndGlobalSection
	GlobalSection(SolutionProperties) = preSolution
		HideSolutionNode = FALSE
	EndGlobalSection
	GlobalSection(ExtensibilityGlobals) = postSolution
		SolutionGuid = {2D4E6118-7C0A-44FD-AD98-6BBF342A1E6F}
	EndGlobalSection
EndGlobal
